
Microsoft Visual Studio Solution File, Format Version 12.00
# Visual Studio 2013
VisualStudioVersion = 12.0.30324.0
MinimumVisualStudioVersion = 10.0.40219.1
Project("{FAE04EC0-301F-11D3-BF4B-00C04F79EFBC}") = "TFSWebService.Website", "TFSWebService.Website\TFSWebService.Website.csproj", "{C082322E-D5BE-4987-966B-4F8E8A9299B1}"
EndProject
Global
	GlobalSection(TeamFoundationVersionControl) = preSolution
		SccNumberOfProjects = 2
		SccEnterpriseProvider = {4CA58AB2-18FA-4F8D-95D4-32DDF27D184C}
		SccTeamFoundationServer = https://tfs.conplement.de/tfs/defaultcollection
		SccLocalPath0 = .
		SccProjectUniqueName1 = TFSWebService.Website\\TFSWebService.Website.csproj
		SccProjectName1 = TFSWebService.Website
		SccLocalPath1 = TFSWebService.Website
	EndGlobalSection
	GlobalSection(SolutionConfigurationPlatforms) = preSolution
		Debug|Any CPU = Debug|Any CPU
		Release|Any CPU = Release|Any CPU
	EndGlobalSection
	GlobalSection(ProjectConfigurationPlatforms) = postSolution
		{C082322E-D5BE-4987-966B-4F8E8A9299B1}.Debug|Any CPU.ActiveCfg = Debug|Any CPU
		{C082322E-D5BE-4987-966B-4F8E8A9299B1}.Debug|Any CPU.Build.0 = Debug|Any CPU
		{C082322E-D5BE-4987-966B-4F8E8A9299B1}.Release|Any CPU.ActiveCfg = Release|Any CPU
		{C082322E-D5BE-4987-966B-4F8E8A9299B1}.Release|Any CPU.Build.0 = Release|Any CPU
	EndGlobalSection
	GlobalSection(SolutionProperties) = preSolution
		HideSolutionNode = FALSE
	EndGlobalSection
EndGlobal
